<Solution>
  <Configurations>
    <Platform Name="ARM64" />
    <Platform Name="x64" />
    <Platform Name="x86" />
  </Configurations>
  <Project Path="tests/BatCave.Runtime.Tests/BatCave.Runtime.Tests.csproj" />
  <Project Path="src/BatCave.Runtime/BatCave.Runtime.csproj" />
  <Project Path="src/BatCave.Bench/BatCave.Bench.csproj" />
</Solution>
